// !$*UTF8*$!
{
	archiveVersion = 1;
	classes = {
	};
	objectVersion = 46;
	objects = {

/* Begin PBXBuildFile section */
		2BB66D2367A781389E435913 /* Pods_AlertOnboarding.framework in Frameworks */ = {isa = PBXBuildFile; fileRef = DE4EE95DBC5D4A65E2757A1F /* Pods_AlertOnboarding.framework */; };
		37845A691D994CBA009B3734 /* AppDelegate.swift in Sources */ = {isa = PBXBuildFile; fileRef = 37845A681D994CBA009B3734 /* AppDelegate.swift */; };
		37845A6B1D994CBA009B3734 /* ViewController.swift in Sources */ = {isa = PBXBuildFile; fileRef = 37845A6A1D994CBA009B3734 /* ViewController.swift */; };
		37845A6E1D994CBA009B3734 /* Main.storyboard in Resources */ = {isa = PBXBuildFile; fileRef = 37845A6C1D994CBA009B3734 /* Main.storyboard */; };
		37845A701D994CBA009B3734 /* Assets.xcassets in Resources */ = {isa = PBXBuildFile; fileRef = 37845A6F1D994CBA009B3734 /* Assets.xcassets */; };
		37845A731D994CBA009B3734 /* LaunchScreen.storyboard in Resources */ = {isa = PBXBuildFile; fileRef = 37845A711D994CBA009B3734 /* LaunchScreen.storyboard */; };
		37845A7C1D994D65009B3734 /* AlertOnboarding.swift in Sources */ = {isa = PBXBuildFile; fileRef = 37845A7B1D994D65009B3734 /* AlertOnboarding.swift */; };
		37845A7E1D994D87009B3734 /* AlertChildPageViewController.swift in Sources */ = {isa = PBXBuildFile; fileRef = 37845A7D1D994D87009B3734 /* AlertChildPageViewController.swift */; };
		37845A801D994DA6009B3734 /* AlertPageViewController.swift in Sources */ = {isa = PBXBuildFile; fileRef = 37845A7F1D994DA6009B3734 /* AlertPageViewController.swift */; };
		37845A821D994DE6009B3734 /* AlertChildPageViewController.xib in Resources */ = {isa = PBXBuildFile; fileRef = 37845A811D994DE6009B3734 /* AlertChildPageViewController.xib */; };
		9FD0C3C41F0FA3CF005717F1 /* ExampleContentViewController.swift in Sources */ = {isa = PBXBuildFile; fileRef = 9FD0C3C31F0FA3CF005717F1 /* ExampleContentViewController.swift */; };
/* End PBXBuildFile section */

/* Begin PBXFileReference section */
		26D262FDD4E3A7FC19319A1A /* Pods-AlertOnboarding.release.xcconfig */ = {isa = PBXFileReference; includeInIndex = 1; lastKnownFileType = text.xcconfig; name = "Pods-AlertOnboarding.release.xcconfig"; path = "Pods/Target Support Files/Pods-AlertOnboarding/Pods-AlertOnboarding.release.xcconfig"; sourceTree = "<group>"; };
		37845A651D994CBA009B3734 /* AlertOnboarding.app */ = {isa = PBXFileReference; explicitFileType = wrapper.application; includeInIndex = 0; path = AlertOnboarding.app; sourceTree = BUILT_PRODUCTS_DIR; };
		37845A681D994CBA009B3734 /* AppDelegate.swift */ = {isa = PBXFileReference; lastKnownFileType = sourcecode.swift; path = AppDelegate.swift; sourceTree = "<group>"; };
		37845A6A1D994CBA009B3734 /* ViewController.swift */ = {isa = PBXFileReference; lastKnownFileType = sourcecode.swift; path = ViewController.swift; sourceTree = "<group>"; };
		37845A6D1D994CBA009B3734 /* Base */ = {isa = PBXFileReference; lastKnownFileType = file.storyboard; name = Base; path = Base.lproj/Main.storyboard; sourceTree = "<group>"; };
		37845A6F1D994CBA009B3734 /* Assets.xcassets */ = {isa = PBXFileReference; lastKnownFileType = folder.assetcatalog; path = Assets.xcassets; sourceTree = "<group>"; };
		37845A721D994CBA009B3734 /* Base */ = {isa = PBXFileReference; lastKnownFileType = file.storyboard; name = Base; path = Base.lproj/LaunchScreen.storyboard; sourceTree = "<group>"; };
		37845A741D994CBA009B3734 /* Info.plist */ = {isa = PBXFileReference; lastKnownFileType = text.plist.xml; path = Info.plist; sourceTree = "<group>"; };
		37845A7B1D994D65009B3734 /* AlertOnboarding.swift */ = {isa = PBXFileReference; fileEncoding = 4; lastKnownFileType = sourcecode.swift; path = AlertOnboarding.swift; sourceTree = "<group>"; };
		37845A7D1D994D87009B3734 /* AlertChildPageViewController.swift */ = {isa = PBXFileReference; fileEncoding = 4; lastKnownFileType = sourcecode.swift; path = AlertChildPageViewController.swift; sourceTree = "<group>"; };
		37845A7F1D994DA6009B3734 /* AlertPageViewController.swift */ = {isa = PBXFileReference; fileEncoding = 4; lastKnownFileType = sourcecode.swift; path = AlertPageViewController.swift; sourceTree = "<group>"; };
		37845A811D994DE6009B3734 /* AlertChildPageViewController.xib */ = {isa = PBXFileReference; fileEncoding = 4; lastKnownFileType = file.xib; path = AlertChildPageViewController.xib; sourceTree = "<group>"; };
		3FF27CA2DCBC1A2EF739D669 /* Pods-AlertOnboarding.debug.xcconfig */ = {isa = PBXFileReference; includeInIndex = 1; lastKnownFileType = text.xcconfig; name = "Pods-AlertOnboarding.debug.xcconfig"; path = "Pods/Target Support Files/Pods-AlertOnboarding/Pods-AlertOnboarding.debug.xcconfig"; sourceTree = "<group>"; };
		9FD0C3C31F0FA3CF005717F1 /* ExampleContentViewController.swift */ = {isa = PBXFileReference; fileEncoding = 4; lastKnownFileType = sourcecode.swift; path = ExampleContentViewController.swift; sourceTree = "<group>"; };
		DE4EE95DBC5D4A65E2757A1F /* Pods_AlertOnboarding.framework */ = {isa = PBXFileReference; explicitFileType = wrapper.framework; includeInIndex = 0; path = Pods_AlertOnboarding.framework; sourceTree = BUILT_PRODUCTS_DIR; };
/* End PBXFileReference section */

/* Begin PBXFrameworksBuildPhase section */
		37845A621D994CBA009B3734 /* Frameworks */ = {
			isa = PBXFrameworksBuildPhase;
			buildActionMask = 2147483647;
			files = (
				2BB66D2367A781389E435913 /* Pods_AlertOnboarding.framework in Frameworks */,
			);
			runOnlyForDeploymentPostprocessing = 0;
		};
/* End PBXFrameworksBuildPhase section */

/* Begin PBXGroup section */
		37845A5C1D994CBA009B3734 = {
			isa = PBXGroup;
			children = (
				37845A671D994CBA009B3734 /* AlertOnboarding */,
				37845A661D994CBA009B3734 /* Products */,
				4C24BFB1B02E8087E81186A2 /* Pods */,
				EC28B83EA66DBA868A14A1FE /* Frameworks */,
			);
			sourceTree = "<group>";
		};
		37845A661D994CBA009B3734 /* Products */ = {
			isa = PBXGroup;
			children = (
				37845A651D994CBA009B3734 /* AlertOnboarding.app */,
			);
			name = Products;
			sourceTree = "<group>";
		};
		37845A671D994CBA009B3734 /* AlertOnboarding */ = {
			isa = PBXGroup;
			children = (
				37845A7A1D994D51009B3734 /* Alert */,
				37845A681D994CBA009B3734 /* AppDelegate.swift */,
				37845A6A1D994CBA009B3734 /* ViewController.swift */,
				9FD0C3C31F0FA3CF005717F1 /* ExampleContentViewController.swift */,
				37845A6C1D994CBA009B3734 /* Main.storyboard */,
				37845A6F1D994CBA009B3734 /* Assets.xcassets */,
				37845A711D994CBA009B3734 /* LaunchScreen.storyboard */,
				37845A741D994CBA009B3734 /* Info.plist */,
				37845A811D994DE6009B3734 /* AlertChildPageViewController.xib */,
			);
			path = AlertOnboarding;
			sourceTree = "<group>";
		};
		37845A7A1D994D51009B3734 /* Alert */ = {
			isa = PBXGroup;
			children = (
				37845A7B1D994D65009B3734 /* AlertOnboarding.swift */,
				37845A7D1D994D87009B3734 /* AlertChildPageViewController.swift */,
				37845A7F1D994DA6009B3734 /* AlertPageViewController.swift */,
			);
			name = Alert;
			sourceTree = "<group>";
		};
		4C24BFB1B02E8087E81186A2 /* Pods */ = {
			isa = PBXGroup;
			children = (
				3FF27CA2DCBC1A2EF739D669 /* Pods-AlertOnboarding.debug.xcconfig */,
				26D262FDD4E3A7FC19319A1A /* Pods-AlertOnboarding.release.xcconfig */,
			);
			name = Pods;
			sourceTree = "<group>";
		};
		EC28B83EA66DBA868A14A1FE /* Frameworks */ = {
			isa = PBXGroup;
			children = (
				DE4EE95DBC5D4A65E2757A1F /* Pods_AlertOnboarding.framework */,
			);
			name = Frameworks;
			sourceTree = "<group>";
		};
/* End PBXGroup section */

/* Begin PBXNativeTarget section */
		37845A641D994CBA009B3734 /* AlertOnboarding */ = {
			isa = PBXNativeTarget;
			buildConfigurationList = 37845A771D994CBA009B3734 /* Build configuration list for PBXNativeTarget "AlertOnboarding" */;
			buildPhases = (
				954D4D527BCA5687F13DF492 /* [CP] Check Pods Manifest.lock */,
				37845A611D994CBA009B3734 /* Sources */,
				37845A621D994CBA009B3734 /* Frameworks */,
				37845A631D994CBA009B3734 /* Resources */,
				06C991A3B64263DC9C43258F /* [CP] Embed Pods Frameworks */,
				201C4753BD8EBF1B8F560807 /* [CP] Copy Pods Resources */,
			);
			buildRules = (
			);
			dependencies = (
			);
			name = AlertOnboarding;
			productName = AlertOnboarding;
			productReference = 37845A651D994CBA009B3734 /* AlertOnboarding.app */;
			productType = "com.apple.product-type.application";
		};
/* End PBXNativeTarget section */

/* Begin PBXProject section */
		37845A5D1D994CBA009B3734 /* Project object */ = {
			isa = PBXProject;
			attributes = {
				LastSwiftUpdateCheck = 0800;
				LastUpgradeCheck = 0800;
				ORGANIZATIONNAME = CookMinute;
				TargetAttributes = {
					37845A641D994CBA009B3734 = {
						CreatedOnToolsVersion = 8.0;
						DevelopmentTeam = J65C27H74Y;
						ProvisioningStyle = Automatic;
					};
				};
			};
			buildConfigurationList = 37845A601D994CBA009B3734 /* Build configuration list for PBXProject "AlertOnboarding" */;
			compatibilityVersion = "Xcode 3.2";
			developmentRegion = English;
			hasScannedForEncodings = 0;
			knownRegions = (
				en,
				Base,
			);
			mainGroup = 37845A5C1D994CBA009B3734;
			productRefGroup = 37845A661D994CBA009B3734 /* Products */;
			projectDirPath = "";
			projectRoot = "";
			targets = (
				37845A641D994CBA009B3734 /* AlertOnboarding */,
			);
		};
/* End PBXProject section */

/* Begin PBXResourcesBuildPhase section */
		37845A631D994CBA009B3734 /* Resources */ = {
			isa = PBXResourcesBuildPhase;
			buildActionMask = 2147483647;
			files = (
				37845A731D994CBA009B3734 /* LaunchScreen.storyboard in Resources */,
				37845A701D994CBA009B3734 /* Assets.xcassets in Resources */,
				37845A821D994DE6009B3734 /* AlertChildPageViewController.xib in Resources */,
				37845A6E1D994CBA009B3734 /* Main.storyboard in Resources */,
			);
			runOnlyForDeploymentPostprocessing = 0;
		};
/* End PBXResourcesBuildPhase section */

/* Begin PBXShellScriptBuildPhase section */
		06C991A3B64263DC9C43258F /* [CP] Embed Pods Frameworks */ = {
			isa = PBXShellScriptBuildPhase;
			buildActionMask = 2147483647;
			files = (
			);
			inputPaths = (
			);
			name = "[CP] Embed Pods Frameworks";
			outputPaths = (
			);
			runOnlyForDeploymentPostprocessing = 0;
			shellPath = /bin/sh;
			shellScript = "\"${SRCROOT}/Pods/Target Support Files/Pods-AlertOnboarding/Pods-AlertOnboarding-frameworks.sh\"\n";
			showEnvVarsInLog = 0;
		};
		201C4753BD8EBF1B8F560807 /* [CP] Copy Pods Resources */ = {
			isa = PBXShellScriptBuildPhase;
			buildActionMask = 2147483647;
			files = (
			);
			inputPaths = (
			);
			name = "[CP] Copy Pods Resources";
			outputPaths = (
			);
			runOnlyForDeploymentPostprocessing = 0;
			shellPath = /bin/sh;
			shellScript = "\"${SRCROOT}/Pods/Target Support Files/Pods-AlertOnboarding/Pods-AlertOnboarding-resources.sh\"\n";
			showEnvVarsInLog = 0;
		};
		954D4D527BCA5687F13DF492 /* [CP] Check Pods Manifest.lock */ = {
			isa = PBXShellScriptBuildPhase;
			buildActionMask = 2147483647;
			files = (
			);
			inputPaths = (
			);
			name = "[CP] Check Pods Manifest.lock";
			outputPaths = (
			);
			runOnlyForDeploymentPostprocessing = 0;
			shellPath = /bin/sh;
			shellScript = "diff \"${PODS_PODFILE_DIR_PATH}/Podfile.lock\" \"${PODS_ROOT}/Manifest.lock\" > /dev/null\nif [ $? != 0 ] ; then\n    # print error to STDERR\n    echo \"error: The sandbox is not in sync with the Podfile.lock. Run 'pod install' or update your CocoaPods installation.\" >&2\n    exit 1\nfi\n";
			showEnvVarsInLog = 0;
		};
/* End PBXShellScriptBuildPhase section */

/* Begin PBXSourcesBuildPhase section */
		37845A611D994CBA009B3734 /* Sources */ = {
			isa = PBXSourcesBuildPhase;
			buildActionMask = 2147483647;
			files = (
				37845A801D994DA6009B3734 /* AlertPageViewController.swift in Sources */,
				37845A6B1D994CBA009B3734 /* ViewController.swift in Sources */,
				37845A7E1D994D87009B3734 /* AlertChildPageViewController.swift in Sources */,
				37845A7C1D994D65009B3734 /* AlertOnboarding.swift in Sources */,
				37845A691D994CBA009B3734 /* AppDelegate.swift in Sources */,
				9FD0C3C41F0FA3CF005717F1 /* ExampleContentViewController.swift in Sources */,
			);
			runOnlyForDeploymentPostprocessing = 0;
		};
/* End PBXSourcesBuildPhase section */

/* Begin PBXVariantGroup section */
		37845A6C1D994CBA009B3734 /* Main.storyboard */ = {
			isa = PBXVariantGroup;
			children = (
				37845A6D1D994CBA009B3734 /* Base */,
			);
			name = Main.storyboard;
			sourceTree = "<group>";
		};
		37845A711D994CBA009B3734 /* LaunchScreen.storyboard */ = {
			isa = PBXVariantGroup;
			children = (
				37845A721D994CBA009B3734 /* Base */,
			);
			name = LaunchScreen.storyboard;
			sourceTree = "<group>";
		};
/* End PBXVariantGroup section */

/* Begin XCBuildConfiguration section */
		37845A751D994CBA009B3734 /* Debug */ = {
			isa = XCBuildConfiguration;
			buildSettings = {
				ALWAYS_SEARCH_USER_PATHS = NO;
				CLANG_ANALYZER_NONNULL = YES;
				CLANG_CXX_LANGUAGE_STANDARD = "gnu++0x";
				CLANG_CXX_LIBRARY = "libc++";
				CLANG_ENABLE_MODULES = YES;
				CLANG_ENABLE_OBJC_ARC = YES;
				CLANG_WARN_BOOL_CONVERSION = YES;
				CLANG_WARN_CONSTANT_CONVERSION = YES;
				CLANG_WARN_DIRECT_OBJC_ISA_USAGE = YES_ERROR;
				CLANG_WARN_DOCUMENTATION_COMMENTS = YES;
				CLANG_WARN_EMPTY_BODY = YES;
				CLANG_WARN_ENUM_CONVERSION = YES;
				CLANG_WARN_INFINITE_RECURSION = YES;
				CLANG_WARN_INT_CONVERSION = YES;
				CLANG_WARN_OBJC_ROOT_CLASS = YES_ERROR;
				CLANG_WARN_SUSPICIOUS_MOVES = YES;
				CLANG_WARN_UNREACHABLE_CODE = YES;
				CLANG_WARN__DUPLICATE_METHOD_MATCH = YES;
				"CODE_SIGN_IDENTITY[sdk=iphoneos*]" = "iPhone Developer";
				COPY_PHASE_STRIP = NO;
				DEBUG_INFORMATION_FORMAT = dwarf;
				ENABLE_STRICT_OBJC_MSGSEND = YES;
				ENABLE_TESTABILITY = YES;
				GCC_C_LANGUAGE_STANDARD = gnu99;
				GCC_DYNAMIC_NO_PIC = NO;
				GCC_NO_COMMON_BLOCKS = YES;
				GCC_OPTIMIZATION_LEVEL = 0;
				GCC_PREPROCESSOR_DEFINITIONS = (
					"DEBUG=1",
					"$(inherited)",
				);
				GCC_WARN_64_TO_32_BIT_CONVERSION = YES;
				GCC_WARN_ABOUT_RETURN_TYPE = YES_ERROR;
				GCC_WARN_UNDECLARED_SELECTOR = YES;
				GCC_WARN_UNINITIALIZED_AUTOS = YES_AGGRESSIVE;
				GCC_WARN_UNUSED_FUNCTION = YES;
				GCC_WARN_UNUSED_VARIABLE = YES;
				IPHONEOS_DEPLOYMENT_TARGET = 10.0;
				MTL_ENABLE_DEBUG_INFO = YES;
				ONLY_ACTIVE_ARCH = YES;
				SDKROOT = iphoneos;
				SWIFT_ACTIVE_COMPILATION_CONDITIONS = DEBUG;
				SWIFT_OPTIMIZATION_LEVEL = "-Onone";
				TARGETED_DEVICE_FAMILY = "1,2";
			};
			name = Debug;
		};
		37845A761D994CBA009B3734 /* Release */ = {
			isa = XCBuildConfiguration;
			buildSettings = {
				ALWAYS_SEARCH_USER_PATHS = NO;
				CLANG_ANALYZER_NONNULL = YES;
				CLANG_CXX_LANGUAGE_STANDARD = "gnu++0x";
				CLANG_CXX_LIBRARY = "libc++";
				CLANG_ENABLE_MODULES = YES;
				CLANG_ENABLE_OBJC_ARC = YES;
				CLANG_WARN_BOOL_CONVERSION = YES;
				CLANG_WARN_CONSTANT_CONVERSION = YES;
				CLANG_WARN_DIRECT_OBJC_ISA_USAGE = YES_ERROR;
				CLANG_WARN_DOCUMENTATION_COMMENTS = YES;
				CLANG_WARN_EMPTY_BODY = YES;
				CLANG_WARN_ENUM_CONVERSION = YES;
				CLANG_WARN_INFINITE_RECURSION = YES;
				CLANG_WARN_INT_CONVERSION = YES;
				CLANG_WARN_OBJC_ROOT_CLASS = YES_ERROR;
				CLANG_WARN_SUSPICIOUS_MOVES = YES;
				CLANG_WARN_UNREACHABLE_CODE = YES;
				CLANG_WARN__DUPLICATE_METHOD_MATCH = YES;
				"CODE_SIGN_IDENTITY[sdk=iphoneos*]" = "iPhone Developer";
				COPY_PHASE_STRIP = NO;
				DEBUG_INFORMATION_FORMAT = "dwarf-with-dsym";
				ENABLE_NS_ASSERTIONS = NO;
				ENABLE_STRICT_OBJC_MSGSEND = YES;
				GCC_C_LANGUAGE_STANDARD = gnu99;
				GCC_NO_COMMON_BLOCKS = YES;
				GCC_WARN_64_TO_32_BIT_CONVERSION = YES;
				GCC_WARN_ABOUT_RETURN_TYPE = YES_ERROR;
				GCC_WARN_UNDECLARED_SELECTOR = YES;
				GCC_WARN_UNINITIALIZED_AUTOS = YES_AGGRESSIVE;
				GCC_WARN_UNUSED_FUNCTION = YES;
				GCC_WARN_UNUSED_VARIABLE = YES;
				IPHONEOS_DEPLOYMENT_TARGET = 10.0;
				MTL_ENABLE_DEBUG_INFO = NO;
				SDKROOT = iphoneos;
				SWIFT_OPTIMIZATION_LEVEL = "-Owholemodule";
				TARGETED_DEVICE_FAMILY = "1,2";
				VALIDATE_PRODUCT = YES;
			};
			name = Release;
		};
		37845A781D994CBA009B3734 /* Debug */ = {
			isa = XCBuildConfiguration;
			baseConfigurationReference = 3FF27CA2DCBC1A2EF739D669 /* Pods-AlertOnboarding.debug.xcconfig */;
			buildSettings = {
				ASSETCATALOG_COMPILER_APPICON_NAME = AppIcon;
				DEVELOPMENT_TEAM = J65C27H74Y;
				INFOPLIST_FILE = AlertOnboarding/Info.plist;
				LD_RUNPATH_SEARCH_PATHS = "$(inherited) @executable_path/Frameworks";
				PRODUCT_BUNDLE_IDENTIFIER = be.webdevotion.AlertOnboarding;
				PRODUCT_NAME = "$(TARGET_NAME)";
				SWIFT_VERSION = 3.0;
			};
			name = Debug;
		};
		37845A791D994CBA009B3734 /* Release */ = {
			isa = XCBuildConfiguration;
			baseConfigurationReference = 26D262FDD4E3A7FC19319A1A /* Pods-AlertOnboarding.release.xcconfig */;
			buildSettings = {
				ASSETCATALOG_COMPILER_APPICON_NAME = AppIcon;
				DEVELOPMENT_TEAM = J65C27H74Y;
				INFOPLIST_FILE = AlertOnboarding/Info.plist;
				LD_RUNPATH_SEARCH_PATHS = "$(inherited) @executable_path/Frameworks";
				PRODUCT_BUNDLE_IDENTIFIER = be.webdevotion.AlertOnboarding;
				PRODUCT_NAME = "$(TARGET_NAME)";
				SWIFT_VERSION = 3.0;
			};
			name = Release;
		};
/* End XCBuildConfiguration section */

/* Begin XCConfigurationList section */
		37845A601D994CBA009B3734 /* Build configuration list for PBXProject "AlertOnboarding" */ = {
			isa = XCConfigurationList;
			buildConfigurations = (
				37845A751D994CBA009B3734 /* Debug */,
				37845A761D994CBA009B3734 /* Release */,
			);
			defaultConfigurationIsVisible = 0;
			defaultConfigurationName = Release;
		};
		37845A771D994CBA009B3734 /* Build configuration list for PBXNativeTarget "AlertOnboarding" */ = {
			isa = XCConfigurationList;
			buildConfigurations = (
				37845A781D994CBA009B3734 /* Debug */,
				37845A791D994CBA009B3734 /* Release */,
			);
			defaultConfigurationIsVisible = 0;
			defaultConfigurationName = Release;
		};
/* End XCConfigurationList section */
	};
	rootObject = 37845A5D1D994CBA009B3734 /* Project object */;
}
